Microsoft Visual Studio Solution File, Format Version 12.00
# Visual Studio Version 17
VisualStudioVersion = 17.0.31903.59
MinimumVisualStudioVersion = 10.0.40219.1
Project("{FAE04EC0-301F-11D3-BF4B-00C04F79EFBC}") = "Aegis.Template.Api", "src\Aegis.Template.Api\Aegis.Template.Api.csproj", "{7C16986A-A05A-455E-8951-A6BF0DF1812D}"
EndProject
Project("{FAE04EC0-301F-11D3-BF4B-00C04F79EFBC}") = "Aegis.Template.BuildingBlocks", "src\Aegis.Template.BuildingBlocks\Aegis.Template.BuildingBlocks.csproj", "{C8EFD7F7-032C-42C8-A0BB-030931940A71}"
EndProject
Project("{FAE04EC0-301F-11D3-BF4B-00C04F79EFBC}") = "Aegis.Template.Modules", "src\Aegis.Template.Modules\Aegis.Template.Modules.csproj", "{3C38C9B5-41AD-47C1-8E64-C6C489D5D745}"
EndProject
#if (profile != "core")
Project("{FAE04EC0-301F-11D3-BF4B-00C04F79EFBC}") = "Aegis.Template.ServiceDefaults", "src\Aegis.Template.ServiceDefaults\Aegis.Template.ServiceDefaults.csproj", "{06602D78-77E6-42FE-8F2D-54B7109527B7}"
EndProject
Project("{FAE04EC0-301F-11D3-BF4B-00C04F79EFBC}") = "Aegis.Template.AppHost", "src\Aegis.Template.AppHost\Aegis.Template.AppHost.csproj", "{86D0A419-A527-4A60-87C0-3543A8CFB4BC}"
EndProject
Project("{FAE04EC0-301F-11D3-BF4B-00C04F79EFBC}") = "Aegis.Template.IntegrationTests", "tests\Aegis.Template.IntegrationTests\Aegis.Template.IntegrationTests.csproj", "{1F1C1989-2F31-4F59-8D7D-5C03B09AC61D}"
EndProject
Project("{FAE04EC0-301F-11D3-BF4B-00C04F79EFBC}") = "Aegis.Template.ContractTests", "tests\Aegis.Template.ContractTests\Aegis.Template.ContractTests.csproj", "{2DA0B32A-9AB6-4DE7-A13A-71F12F354760}"
EndProject
Project("{FAE04EC0-301F-11D3-BF4B-00C04F79EFBC}") = "Aegis.Template.PerformanceSmokeTests", "tests\Aegis.Template.PerformanceSmokeTests\Aegis.Template.PerformanceSmokeTests.csproj", "{B48E1288-B4C7-4054-9DF8-9177EE2E3FF4}"
EndProject
#endif
Project("{FAE04EC0-301F-11D3-BF4B-00C04F79EFBC}") = "Aegis.Template.ArchitectureTests", "tests\Aegis.Template.ArchitectureTests\Aegis.Template.ArchitectureTests.csproj", "{F0B6236A-96CF-44D5-95DA-7DC7A6B3CC53}"
EndProject
Global
  GlobalSection(SolutionConfigurationPlatforms) = preSolution
    Debug|Any CPU = Debug|Any CPU
    Release|Any CPU = Release|Any CPU
  EndGlobalSection
  GlobalSection(ProjectConfigurationPlatforms) = postSolution
    {7C16986A-A05A-455E-8951-A6BF0DF1812D}.Debug|Any CPU.ActiveCfg = Debug|Any CPU
    {7C16986A-A05A-455E-8951-A6BF0DF1812D}.Debug|Any CPU.Build.0 = Debug|Any CPU
    {7C16986A-A05A-455E-8951-A6BF0DF1812D}.Release|Any CPU.ActiveCfg = Release|Any CPU
    {7C16986A-A05A-455E-8951-A6BF0DF1812D}.Release|Any CPU.Build.0 = Release|Any CPU
    {C8EFD7F7-032C-42C8-A0BB-030931940A71}.Debug|Any CPU.ActiveCfg = Debug|Any CPU
    {C8EFD7F7-032C-42C8-A0BB-030931940A71}.Debug|Any CPU.Build.0 = Debug|Any CPU
    {C8EFD7F7-032C-42C8-A0BB-030931940A71}.Release|Any CPU.ActiveCfg = Release|Any CPU
    {C8EFD7F7-032C-42C8-A0BB-030931940A71}.Release|Any CPU.Build.0 = Release|Any CPU
    {3C38C9B5-41AD-47C1-8E64-C6C489D5D745}.Debug|Any CPU.ActiveCfg = Debug|Any CPU
    {3C38C9B5-41AD-47C1-8E64-C6C489D5D745}.Debug|Any CPU.Build.0 = Debug|Any CPU
    {3C38C9B5-41AD-47C1-8E64-C6C489D5D745}.Release|Any CPU.ActiveCfg = Release|Any CPU
    {3C38C9B5-41AD-47C1-8E64-C6C489D5D745}.Release|Any CPU.Build.0 = Release|Any CPU
#if (profile != "core")
    {06602D78-77E6-42FE-8F2D-54B7109527B7}.Debug|Any CPU.ActiveCfg = Debug|Any CPU
    {06602D78-77E6-42FE-8F2D-54B7109527B7}.Debug|Any CPU.Build.0 = Debug|Any CPU
    {06602D78-77E6-42FE-8F2D-54B7109527B7}.Release|Any CPU.ActiveCfg = Release|Any CPU
    {06602D78-77E6-42FE-8F2D-54B7109527B7}.Release|Any CPU.Build.0 = Release|Any CPU
    {86D0A419-A527-4A60-87C0-3543A8CFB4BC}.Debug|Any CPU.ActiveCfg = Debug|Any CPU
    {86D0A419-A527-4A60-87C0-3543A8CFB4BC}.Debug|Any CPU.Build.0 = Debug|Any CPU
    {86D0A419-A527-4A60-87C0-3543A8CFB4BC}.Release|Any CPU.ActiveCfg = Release|Any CPU
    {86D0A419-A527-4A60-87C0-3543A8CFB4BC}.Release|Any CPU.Build.0 = Release|Any CPU
    {1F1C1989-2F31-4F59-8D7D-5C03B09AC61D}.Debug|Any CPU.ActiveCfg = Debug|Any CPU
    {1F1C1989-2F31-4F59-8D7D-5C03B09AC61D}.Debug|Any CPU.Build.0 = Debug|Any CPU
    {1F1C1989-2F31-4F59-8D7D-5C03B09AC61D}.Release|Any CPU.ActiveCfg = Release|Any CPU
    {1F1C1989-2F31-4F59-8D7D-5C03B09AC61D}.Release|Any CPU.Build.0 = Release|Any CPU
    {2DA0B32A-9AB6-4DE7-A13A-71F12F354760}.Debug|Any CPU.ActiveCfg = Debug|Any CPU
    {2DA0B32A-9AB6-4DE7-A13A-71F12F354760}.Debug|Any CPU.Build.0 = Debug|Any CPU
    {2DA0B32A-9AB6-4DE7-A13A-71F12F354760}.Release|Any CPU.ActiveCfg = Release|Any CPU
    {2DA0B32A-9AB6-4DE7-A13A-71F12F354760}.Release|Any CPU.Build.0 = Release|Any CPU
    {B48E1288-B4C7-4054-9DF8-9177EE2E3FF4}.Debug|Any CPU.ActiveCfg = Debug|Any CPU
    {B48E1288-B4C7-4054-9DF8-9177EE2E3FF4}.Debug|Any CPU.Build.0 = Debug|Any CPU
    {B48E1288-B4C7-4054-9DF8-9177EE2E3FF4}.Release|Any CPU.ActiveCfg = Release|Any CPU
    {B48E1288-B4C7-4054-9DF8-9177EE2E3FF4}.Release|Any CPU.Build.0 = Release|Any CPU
#endif
    {F0B6236A-96CF-44D5-95DA-7DC7A6B3CC53}.Debug|Any CPU.ActiveCfg = Debug|Any CPU
    {F0B6236A-96CF-44D5-95DA-7DC7A6B3CC53}.Debug|Any CPU.Build.0 = Debug|Any CPU
    {F0B6236A-96CF-44D5-95DA-7DC7A6B3CC53}.Release|Any CPU.ActiveCfg = Release|Any CPU
    {F0B6236A-96CF-44D5-95DA-7DC7A6B3CC53}.Release|Any CPU.Build.0 = Release|Any CPU
  EndGlobalSection
  GlobalSection(SolutionProperties) = preSolution
    HideSolutionNode = FALSE
  EndGlobalSection
EndGlobal
